
Microsoft Visual Studio Solution File, Format Version 12.00
# Visual Studio Version 17
VisualStudioVersion = 17.4.33213.308
MinimumVisualStudioVersion = 10.0.40219.1
Project("{8BC9CEB8-8B4A-11D0-8D11-00A0C91BC942}") = "SFML-TestGame", "SFML-TestGame\SFML-TestGame.vcxproj", "{9089CAEE-5809-4392-99B3-5BA63F41EB4F}"
EndProject
Global
	GlobalSection(SolutionConfigurationPlatforms) = preSolution
		Debug|x64 = Debug|x64
		Debug|x86 = Debug|x86
		Release|x64 = Release|x64
		Release|x86 = Release|x86
	EndGlobalSection
	GlobalSection(ProjectConfigurationPlatforms) = postSolution
		{9089CAEE-5809-4392-99B3-5BA63F41EB4F}.Debug|x64.ActiveCfg = Debug|x64
		{9089CAEE-5809-4392-99B3-5BA63F41EB4F}.Debug|x64.Build.0 = Debug|x64
		{9089CAEE-5809-4392-99B3-5BA63F41EB4F}.Debug|x86.ActiveCfg = Debug|Win32
		{9089CAEE-5809-4392-99B3-5BA63F41EB4F}.Debug|x86.Build.0 = Debug|Win32
		{9089CAEE-5809-4392-99B3-5BA63F41EB4F}.Release|x64.ActiveCfg = Release|x64
		{9089CAEE-5809-4392-99B3-5BA63F41EB4F}.Release|x64.Build.0 = Release|x64
		{9089CAEE-5809-4392-99B3-5BA63F41EB4F}.Release|x86.ActiveCfg = Release|Win32
		{9089CAEE-5809-4392-99B3-5BA63F41EB4F}.Release|x86.Build.0 = Release|Win32
	EndGlobalSection
	GlobalSection(SolutionProperties) = preSolution
		HideSolutionNode = FALSE
	EndGlobalSection
	GlobalSection(ExtensibilityGlobals) = postSolution
		SolutionGuid = {ACE4C6CC-FA7D-4ACA-968D-8EA3E545A2CE}
	EndGlobalSection
EndGlobal
